
Microsoft Visual Studio Solution File, Format Version 12.00
# Visual Studio Version 17
VisualStudioVersion = 17.7.34202.233
MinimumVisualStudioVersion = 10.0.40219.1
Project("{9A19103F-16F7-4668-BE54-9A1E7A4F7556}") = "Hastane Randevu Sistemi", "Hastane Randevu Sistemi\Hastane Randevu Sistemi.csproj", "{9B21656D-080A-4100-AEC7-3C16ADF009E3}"
EndProject
Project("{9A19103F-16F7-4668-BE54-9A1E7A4F7556}") = "Hospital.Models", "Hospital.Web\Hospital.Models.csproj", "{1B488D3E-4804-4323-9C9B-6B2B2D64B062}"
EndProject
Project("{9A19103F-16F7-4668-BE54-9A1E7A4F7556}") = "Hospital.ViewModels", "Hospital.View\Hospital.ViewModels.csproj", "{9FE55C34-65E5-4A2E-AF95-7A39868149B6}"
EndProject
Project("{FAE04EC0-301F-11D3-BF4B-00C04F79EFBC}") = "Hospital.Repositories", "Hospital.Repository\Hospital.Repositories.csproj", "{2EEE9E43-6AAB-4486-A46F-A84BD2810222}"
EndProject
Project("{FAE04EC0-301F-11D3-BF4B-00C04F79EFBC}") = "Hospital.Services", "Hospital.Services\Hospital.Services.csproj", "{1773B600-5557-4920-8268-1CF6429941C7}"
EndProject
Project("{FAE04EC0-301F-11D3-BF4B-00C04F79EFBC}") = "Hospital.Utilities", "Hospital.Utilities\Hospital.Utilities.csproj", "{D9AB59A7-FC7D-4F38-88B9-3D0A40F9F41D}"
EndProject
Global
	GlobalSection(SolutionConfigurationPlatforms) = preSolution
		Debug|Any CPU = Debug|Any CPU
		Release|Any CPU = Release|Any CPU
	EndGlobalSection
	GlobalSection(ProjectConfigurationPlatforms) = postSolution
		{9B21656D-080A-4100-AEC7-3C16ADF009E3}.Debug|Any CPU.ActiveCfg = Debug|Any CPU
		{9B21656D-080A-4100-AEC7-3C16ADF009E3}.Debug|Any CPU.Build.0 = Debug|Any CPU
		{9B21656D-080A-4100-AEC7-3C16ADF009E3}.Release|Any CPU.ActiveCfg = Release|Any CPU
		{9B21656D-080A-4100-AEC7-3C16ADF009E3}.Release|Any CPU.Build.0 = Release|Any CPU
		{1B488D3E-4804-4323-9C9B-6B2B2D64B062}.Debug|Any CPU.ActiveCfg = Debug|Any CPU
		{1B488D3E-4804-4323-9C9B-6B2B2D64B062}.Debug|Any CPU.Build.0 = Debug|Any CPU
		{1B488D3E-4804-4323-9C9B-6B2B2D64B062}.Release|Any CPU.ActiveCfg = Release|Any CPU
		{1B488D3E-4804-4323-9C9B-6B2B2D64B062}.Release|Any CPU.Build.0 = Release|Any CPU
		{9FE55C34-65E5-4A2E-AF95-7A39868149B6}.Debug|Any CPU.ActiveCfg = Debug|Any CPU
		{9FE55C34-65E5-4A2E-AF95-7A39868149B6}.Debug|Any CPU.Build.0 = Debug|Any CPU
		{9FE55C34-65E5-4A2E-AF95-7A39868149B6}.Release|Any CPU.ActiveCfg = Release|Any CPU
		{9FE55C34-65E5-4A2E-AF95-7A39868149B6}.Release|Any CPU.Build.0 = Release|Any CPU
		{2EEE9E43-6AAB-4486-A46F-A84BD2810222}.Debug|Any CPU.ActiveCfg = Debug|Any CPU
		{2EEE9E43-6AAB-4486-A46F-A84BD2810222}.Debug|Any CPU.Build.0 = Debug|Any CPU
		{2EEE9E43-6AAB-4486-A46F-A84BD2810222}.Release|Any CPU.ActiveCfg = Release|Any CPU
		{2EEE9E43-6AAB-4486-A46F-A84BD2810222}.Release|Any CPU.Build.0 = Release|Any CPU
		{1773B600-5557-4920-8268-1CF6429941C7}.Debug|Any CPU.ActiveCfg = Debug|Any CPU
		{1773B600-5557-4920-8268-1CF6429941C7}.Debug|Any CPU.Build.0 = Debug|Any CPU
		{1773B600-5557-4920-8268-1CF6429941C7}.Release|Any CPU.ActiveCfg = Release|Any CPU
		{1773B600-5557-4920-8268-1CF6429941C7}.Release|Any CPU.Build.0 = Release|Any CPU
		{D9AB59A7-FC7D-4F38-88B9-3D0A40F9F41D}.Debug|Any CPU.ActiveCfg = Debug|Any CPU
		{D9AB59A7-FC7D-4F38-88B9-3D0A40F9F41D}.Debug|Any CPU.Build.0 = Debug|Any CPU
		{D9AB59A7-FC7D-4F38-88B9-3D0A40F9F41D}.Release|Any CPU.ActiveCfg = Release|Any CPU
		{D9AB59A7-FC7D-4F38-88B9-3D0A40F9F41D}.Release|Any CPU.Build.0 = Release|Any CPU
	EndGlobalSection
	GlobalSection(SolutionProperties) = preSolution
		HideSolutionNode = FALSE
	EndGlobalSection
	GlobalSection(ExtensibilityGlobals) = postSolution
		SolutionGuid = {34522399-1A5E-4E42-A2D6-9CA4CA6F1CF7}
	EndGlobalSection
EndGlobal
